{
  "requires": true,
  "lockfileVersion": 1,
  "dependencies": {
    "core-js": {
      "version": "3.4.7",
      "resolved": "https://registry.npmjs.org/core-js/-/core-js-3.4.7.tgz",
      "integrity": "sha512-qaPVGw30J1wQ0GR3GvoPqlGf9GZfKKF4kFC7kiHlcsPTqH3txrs9crCp3ZiMAXuSenhz89Jnl4GZs/67S5VOSg=="
    },
    "fxjs": {
      "version": "0.14.1",
      "resolved": "https://registry.npmjs.org/fxjs/-/fxjs-0.14.1.tgz",
      "integrity": "sha512-PsdXwGFNLCbjGGuRLmBo+8WBIow9laMg6x6K+2mLoDiI3VRLNNvVVNHHb+gABPkzQhQSHM8ukAouWYQ5YvI5jA==",
      "requires": {
        "core-js": "^3.2.1",
        "regenerator-runtime": "^0.13.3"
      }
    },
    "regenerator-runtime": {
      "version": "0.13.3",
      "resolved": "https://registry.npmjs.org/regenerator-runtime/-/regenerator-runtime-0.13.3.tgz",
      "integrity": "sha512-naKIZz2GQ8JWh///G7L3X6LaQUAMp2lvb1rvwwsURe/VXwD6VMfr+/1NuNw3ag8v2kY1aQ/go5SNn79O9JU7yw=="
    }
  }
}
